
Microsoft Visual Studio Solution File, Format Version 11.00
# Visual Studio 2010
Project("{FAE04EC0-301F-11D3-BF4B-00C04F79EFBC}") = "PandolfoLab1", "PandolfoLab1\PandolfoLab1.csproj", "{22F15231-768F-4653-908B-7D19E53BB9C7}"
EndProject
Global
	GlobalSection(SolutionConfigurationPlatforms) = preSolution
		Debug|Any CPU = Debug|Any CPU
		Release|Any CPU = Release|Any CPU
	EndGlobalSection
	GlobalSection(ProjectConfigurationPlatforms) = postSolution
		{22F15231-768F-4653-908B-7D19E53BB9C7}.Debug|Any CPU.ActiveCfg = Debug|Any CPU
		{22F15231-768F-4653-908B-7D19E53BB9C7}.Debug|Any CPU.Build.0 = Debug|Any CPU
		{22F15231-768F-4653-908B-7D19E53BB9C7}.Release|Any CPU.ActiveCfg = Release|Any CPU
		{22F15231-768F-4653-908B-7D19E53BB9C7}.Release|Any CPU.Build.0 = Release|Any CPU
	EndGlobalSection
	GlobalSection(SolutionProperties) = preSolution
		HideSolutionNode = FALSE
	EndGlobalSection
EndGlobal
